dependencies:
- name: minio
  repository: https://charts.bitnami.com/bitnami
  version: 12.2.5
- name: kafka
  repository: https://charts.bitnami.com/bitnami
  version: 21.4.4
- name: postgresql
  repository: https://charts.bitnami.com/bitnami
  version: 12.2.8
- name: prometheus
  repository: https://prometheus-community.github.io/helm-charts
  version: 20.2.0
- name: clamav
  repository: https://charts.truecharts.org/
  version: 5.0.16
digest: sha256:696e89d1231b8e31b87a79748e18b05ae6cf18a9dfc3e6373b6472ef749a6388
generated: "2023-04-18T11:31:20.139484+01:00"
